
Microsoft Visual Studio Solution File, Format Version 12.00
# Visual Studio 14
VisualStudioVersion = 14.0.25420.1
MinimumVisualStudioVersion = 10.0.40219.1
Project("{FAE04EC0-301F-11D3-BF4B-00C04F79EFBC}") = "Program", "Program\Program.csproj", "{68BB6464-9C99-4229-B7FA-17C73666CBCE}"
EndProject
Global
	GlobalSection(SolutionConfigurationPlatforms) = preSolution
		Debug|Any CPU = Debug|Any CPU
		Release|Any CPU = Release|Any CPU
	EndGlobalSection
	GlobalSection(ProjectConfigurationPlatforms) = postSolution
		{68BB6464-9C99-4229-B7FA-17C73666CBCE}.Debug|Any CPU.ActiveCfg = Debug|Any CPU
		{68BB6464-9C99-4229-B7FA-17C73666CBCE}.Debug|Any CPU.Build.0 = Debug|Any CPU
		{68BB6464-9C99-4229-B7FA-17C73666CBCE}.Release|Any CPU.ActiveCfg = Release|Any CPU
		{68BB6464-9C99-4229-B7FA-17C73666CBCE}.Release|Any CPU.Build.0 = Release|Any CPU
	EndGlobalSection
	GlobalSection(SolutionProperties) = preSolution
		HideSolutionNode = FALSE
	EndGlobalSection
EndGlobal
